
Microsoft Visual Studio Solution File, Format Version 12.00
# Visual Studio Version 16
VisualStudioVersion = 16.0.30907.101
MinimumVisualStudioVersion = 10.0.40219.1
Project("{8BC9CEB8-8B4A-11D0-8D11-00A0C91BC942}") = "CSAPP_Lab1.1", "CSAPP_Lab1.1\CSAPP_Lab1.1.vcxproj", "{A6254C40-DF94-4AC2-BAC0-99AE50E72011}"
EndProject
Project("{8BC9CEB8-8B4A-11D0-8D11-00A0C91BC942}") = "CSAPP_Lab1.2", "CSAPP_Lab1.2\CSAPP_Lab1.2.vcxproj", "{A65ECC47-099B-4BC5-BF25-B2FA4837F08F}"
EndProject
Project("{8BC9CEB8-8B4A-11D0-8D11-00A0C91BC942}") = "CSAPP_Lab1.3", "CSAPP_Lab1.3\CSAPP_Lab1.3.vcxproj", "{BB4733C1-8126-49C4-875B-BE413EFEEE56}"
EndProject
Project("{8BC9CEB8-8B4A-11D0-8D11-00A0C91BC942}") = "CSAPP_Lab_test", "CSAPP_Lab_test\CSAPP_Lab_test.vcxproj", "{39E5A9F8-4D3E-4C47-AB55-A91A5C9FD5A4}"
EndProject
Project("{8BC9CEB8-8B4A-11D0-8D11-00A0C91BC942}") = "CSAPP_Lab1.4", "CSAPP_Lab1.4\CSAPP_Lab1.4.vcxproj", "{493146BA-B017-451D-8B97-4F1AAFE76B8C}"
EndProject
Project("{8BC9CEB8-8B4A-11D0-8D11-00A0C91BC942}") = "CSAPP_Lab1.5", "CSAPP_Lab1.5\CSAPP_Lab1.5.vcxproj", "{BFC6B4CB-F5A5-4E79-9952-680E555A3809}"
EndProject
Project("{8BC9CEB8-8B4A-11D0-8D11-00A0C91BC942}") = "CSAPP_Lab1.6", "CSAPP_Lab1.6\CSAPP_Lab1.6.vcxproj", "{4F4D9E38-CF4E-45A7-8F36-EB68F47FCBDA}"
EndProject
Project("{8BC9CEB8-8B4A-11D0-8D11-00A0C91BC942}") = "CSAPP_Lab1.7", "CSAPP_Lab1.7\CSAPP_Lab1.7.vcxproj", "{51560E2C-47C7-4FB0-969A-046804C73CAE}"
EndProject
Global
	GlobalSection(SolutionConfigurationPlatforms) = preSolution
		Debug|x64 = Debug|x64
		Debug|x86 = Debug|x86
		Release|x64 = Release|x64
		Release|x86 = Release|x86
	EndGlobalSection
	GlobalSection(ProjectConfigurationPlatforms) = postSolution
		{A6254C40-DF94-4AC2-BAC0-99AE50E72011}.Debug|x64.ActiveCfg = Debug|x64
		{A6254C40-DF94-4AC2-BAC0-99AE50E72011}.Debug|x64.Build.0 = Debug|x64
		{A6254C40-DF94-4AC2-BAC0-99AE50E72011}.Debug|x86.ActiveCfg = Debug|Win32
		{A6254C40-DF94-4AC2-BAC0-99AE50E72011}.Debug|x86.Build.0 = Debug|Win32
		{A6254C40-DF94-4AC2-BAC0-99AE50E72011}.Release|x64.ActiveCfg = Release|x64
		{A6254C40-DF94-4AC2-BAC0-99AE50E72011}.Release|x64.Build.0 = Release|x64
		{A6254C40-DF94-4AC2-BAC0-99AE50E72011}.Release|x86.ActiveCfg = Release|Win32
		{A6254C40-DF94-4AC2-BAC0-99AE50E72011}.Release|x86.Build.0 = Release|Win32
		{A65ECC47-099B-4BC5-BF25-B2FA4837F08F}.Debug|x64.ActiveCfg = Debug|x64
		{A65ECC47-099B-4BC5-BF25-B2FA4837F08F}.Debug|x64.Build.0 = Debug|x64
		{A65ECC47-099B-4BC5-BF25-B2FA4837F08F}.Debug|x86.ActiveCfg = Debug|Win32
		{A65ECC47-099B-4BC5-BF25-B2FA4837F08F}.Debug|x86.Build.0 = Debug|Win32
		{A65ECC47-099B-4BC5-BF25-B2FA4837F08F}.Release|x64.ActiveCfg = Release|x64
		{A65ECC47-099B-4BC5-BF25-B2FA4837F08F}.Release|x64.Build.0 = Release|x64
		{A65ECC47-099B-4BC5-BF25-B2FA4837F08F}.Release|x86.ActiveCfg = Release|Win32
		{A65ECC47-099B-4BC5-BF25-B2FA4837F08F}.Release|x86.Build.0 = Release|Win32
		{BB4733C1-8126-49C4-875B-BE413EFEEE56}.Debug|x64.ActiveCfg = Debug|x64
		{BB4733C1-8126-49C4-875B-BE413EFEEE56}.Debug|x64.Build.0 = Debug|x64
		{BB4733C1-8126-49C4-875B-BE413EFEEE56}.Debug|x86.ActiveCfg = Debug|Win32
		{BB4733C1-8126-49C4-875B-BE413EFEEE56}.Debug|x86.Build.0 = Debug|Win32
		{BB4733C1-8126-49C4-875B-BE413EFEEE56}.Release|x64.ActiveCfg = Release|x64
		{BB4733C1-8126-49C4-875B-BE413EFEEE56}.Release|x64.Build.0 = Release|x64
		{BB4733C1-8126-49C4-875B-BE413EFEEE56}.Release|x86.ActiveCfg = Release|Win32
		{BB4733C1-8126-49C4-875B-BE413EFEEE56}.Release|x86.Build.0 = Release|Win32
		{39E5A9F8-4D3E-4C47-AB55-A91A5C9FD5A4}.Debug|x64.ActiveCfg = Debug|x64
		{39E5A9F8-4D3E-4C47-AB55-A91A5C9FD5A4}.Debug|x64.Build.0 = Debug|x64
		{39E5A9F8-4D3E-4C47-AB55-A91A5C9FD5A4}.Debug|x86.ActiveCfg = Debug|Win32
		{39E5A9F8-4D3E-4C47-AB55-A91A5C9FD5A4}.Debug|x86.Build.0 = Debug|Win32
		{39E5A9F8-4D3E-4C47-AB55-A91A5C9FD5A4}.Release|x64.ActiveCfg = Release|x64
		{39E5A9F8-4D3E-4C47-AB55-A91A5C9FD5A4}.Release|x64.Build.0 = Release|x64
		{39E5A9F8-4D3E-4C47-AB55-A91A5C9FD5A4}.Release|x86.ActiveCfg = Release|Win32
		{39E5A9F8-4D3E-4C47-AB55-A91A5C9FD5A4}.Release|x86.Build.0 = Release|Win32
		{493146BA-B017-451D-8B97-4F1AAFE76B8C}.Debug|x64.ActiveCfg = Debug|x64
		{493146BA-B017-451D-8B97-4F1AAFE76B8C}.Debug|x64.Build.0 = Debug|x64
		{493146BA-B017-451D-8B97-4F1AAFE76B8C}.Debug|x86.ActiveCfg = Debug|Win32
		{493146BA-B017-451D-8B97-4F1AAFE76B8C}.Debug|x86.Build.0 = Debug|Win32
		{493146BA-B017-451D-8B97-4F1AAFE76B8C}.Release|x64.ActiveCfg = Release|x64
		{493146BA-B017-451D-8B97-4F1AAFE76B8C}.Release|x64.Build.0 = Release|x64
		{493146BA-B017-451D-8B97-4F1AAFE76B8C}.Release|x86.ActiveCfg = Release|Win32
		{493146BA-B017-451D-8B97-4F1AAFE76B8C}.Release|x86.Build.0 = Release|Win32
		{BFC6B4CB-F5A5-4E79-9952-680E555A3809}.Debug|x64.ActiveCfg = Debug|x64
		{BFC6B4CB-F5A5-4E79-9952-680E555A3809}.Debug|x64.Build.0 = Debug|x64
		{BFC6B4CB-F5A5-4E79-9952-680E555A3809}.Debug|x86.ActiveCfg = Debug|Win32
		{BFC6B4CB-F5A5-4E79-9952-680E555A3809}.Debug|x86.Build.0 = Debug|Win32
		{BFC6B4CB-F5A5-4E79-9952-680E555A3809}.Release|x64.ActiveCfg = Release|x64
		{BFC6B4CB-F5A5-4E79-9952-680E555A3809}.Release|x64.Build.0 = Release|x64
		{BFC6B4CB-F5A5-4E79-9952-680E555A3809}.Release|x86.ActiveCfg = Release|Win32
		{BFC6B4CB-F5A5-4E79-9952-680E555A3809}.Release|x86.Build.0 = Release|Win32
		{4F4D9E38-CF4E-45A7-8F36-EB68F47FCBDA}.Debug|x64.ActiveCfg = Debug|x64
		{4F4D9E38-CF4E-45A7-8F36-EB68F47FCBDA}.Debug|x64.Build.0 = Debug|x64
		{4F4D9E38-CF4E-45A7-8F36-EB68F47FCBDA}.Debug|x86.ActiveCfg = Debug|Win32
		{4F4D9E38-CF4E-45A7-8F36-EB68F47FCBDA}.Debug|x86.Build.0 = Debug|Win32
		{4F4D9E38-CF4E-45A7-8F36-EB68F47FCBDA}.Release|x64.ActiveCfg = Release|x64
		{4F4D9E38-CF4E-45A7-8F36-EB68F47FCBDA}.Release|x64.Build.0 = Release|x64
		{4F4D9E38-CF4E-45A7-8F36-EB68F47FCBDA}.Release|x86.ActiveCfg = Release|Win32
		{4F4D9E38-CF4E-45A7-8F36-EB68F47FCBDA}.Release|x86.Build.0 = Release|Win32
		{51560E2C-47C7-4FB0-969A-046804C73CAE}.Debug|x64.ActiveCfg = Debug|x64
		{51560E2C-47C7-4FB0-969A-046804C73CAE}.Debug|x64.Build.0 = Debug|x64
		{51560E2C-47C7-4FB0-969A-046804C73CAE}.Debug|x86.ActiveCfg = Debug|Win32
		{51560E2C-47C7-4FB0-969A-046804C73CAE}.Debug|x86.Build.0 = Debug|Win32
		{51560E2C-47C7-4FB0-969A-046804C73CAE}.Release|x64.ActiveCfg = Release|x64
		{51560E2C-47C7-4FB0-969A-046804C73CAE}.Release|x64.Build.0 = Release|x64
		{51560E2C-47C7-4FB0-969A-046804C73CAE}.Release|x86.ActiveCfg = Release|Win32
		{51560E2C-47C7-4FB0-969A-046804C73CAE}.Release|x86.Build.0 = Release|Win32
	EndGlobalSection
	GlobalSection(SolutionProperties) = preSolution
		HideSolutionNode = FALSE
	EndGlobalSection
	GlobalSection(ExtensibilityGlobals) = postSolution
		SolutionGuid = {08D6FA5C-818A-4D70-B1FD-37D5B15DE772}
	EndGlobalSection
EndGlobal
